// !$*UTF8*$!
{
	archiveVersion = 1;
	classes = {
	};
	objectVersion = 46;
	objects = {

/* Begin PBXBuildFile section */
		965D7B0A1957FD6A00CC00EC /* TweetViewController.m in Sources */ = {isa = PBXBuildFile; fileRef = 965D7B081957FD6A00CC00EC /* TweetViewController.m */; };
		965D7B0B1957FD6A00CC00EC /* TweetViewController.xib in Resources */ = {isa = PBXBuildFile; fileRef = 965D7B091957FD6A00CC00EC /* TweetViewController.xib */; };
		965D7B121958054300CC00EC /* TweetDetailCell.m in Sources */ = {isa = PBXBuildFile; fileRef = 965D7B101958054300CC00EC /* TweetDetailCell.m */; };
		965D7B131958054300CC00EC /* TweetDetailCell.xib in Resources */ = {isa = PBXBuildFile; fileRef = 965D7B111958054300CC00EC /* TweetDetailCell.xib */; };
		965D7B171958055A00CC00EC /* TweetCountCell.m in Sources */ = {isa = PBXBuildFile; fileRef = 965D7B151958055A00CC00EC /* TweetCountCell.m */; };
		965D7B181958055A00CC00EC /* TweetCountCell.xib in Resources */ = {isa = PBXBuildFile; fileRef = 965D7B161958055A00CC00EC /* TweetCountCell.xib */; };
		965D7B1C1958056F00CC00EC /* TweetActionCell.m in Sources */ = {isa = PBXBuildFile; fileRef = 965D7B1A1958056F00CC00EC /* TweetActionCell.m */; };
		965D7B1D1958056F00CC00EC /* TweetActionCell.xib in Resources */ = {isa = PBXBuildFile; fileRef = 965D7B1B1958056F00CC00EC /* TweetActionCell.xib */; };
		96B855451956665E00552A01 /* Foundation.framework in Frameworks */ = {isa = PBXBuildFile; fileRef = 96B855441956665E00552A01 /* Foundation.framework */; };
		96B855471956665E00552A01 /* CoreGraphics.framework in Frameworks */ = {isa = PBXBuildFile; fileRef = 96B855461956665E00552A01 /* CoreGraphics.framework */; };
		96B855491956665E00552A01 /* UIKit.framework in Frameworks */ = {isa = PBXBuildFile; fileRef = 96B855481956665E00552A01 /* UIKit.framework */; };
		96B8554F1956665E00552A01 /* InfoPlist.strings in Resources */ = {isa = PBXBuildFile; fileRef = 96B8554D1956665E00552A01 /* InfoPlist.strings */; };
		96B855511956665E00552A01 /* main.m in Sources */ = {isa = PBXBuildFile; fileRef = 96B855501956665E00552A01 /* main.m */; };
		96B855551956665E00552A01 /* AppDelegate.m in Sources */ = {isa = PBXBuildFile; fileRef = 96B855541956665E00552A01 /* AppDelegate.m */; };
		96B855571956665E00552A01 /* Images.xcassets in Resources */ = {isa = PBXBuildFile; fileRef = 96B855561956665E00552A01 /* Images.xcassets */; };
		96B8555E1956665E00552A01 /* XCTest.framework in Frameworks */ = {isa = PBXBuildFile; fileRef = 96B8555D1956665E00552A01 /* XCTest.framework */; };
		96B8555F1956665E00552A01 /* Foundation.framework in Frameworks */ = {isa = PBXBuildFile; fileRef = 96B855441956665E00552A01 /* Foundation.framework */; };
		96B855601956665E00552A01 /* UIKit.framework in Frameworks */ = {isa = PBXBuildFile; fileRef = 96B855481956665E00552A01 /* UIKit.framework */; };
		96B855681956665E00552A01 /* InfoPlist.strings in Resources */ = {isa = PBXBuildFile; fileRef = 96B855661956665E00552A01 /* InfoPlist.strings */; };
		96B8556A1956665E00552A01 /* twitterTests.m in Sources */ = {isa = PBXBuildFile; fileRef = 96B855691956665E00552A01 /* twitterTests.m */; };
		96B8557A1956766500552A01 /* TwitterClient.m in Sources */ = {isa = PBXBuildFile; fileRef = 96B855791956766500552A01 /* TwitterClient.m */; };
		96B8557C1956839A00552A01 /* Security.framework in Frameworks */ = {isa = PBXBuildFile; fileRef = 96B8557B1956839A00552A01 /* Security.framework */; };
		96B85580195693E600552A01 /* SignInViewController.m in Sources */ = {isa = PBXBuildFile; fileRef = 96B8557E195693E600552A01 /* SignInViewController.m */; };
		96B85581195693E600552A01 /* SignInViewController.xib in Resources */ = {isa = PBXBuildFile; fileRef = 96B8557F195693E600552A01 /* SignInViewController.xib */; };
		96B85584195696AC00552A01 /* UIColor+Twitter.m in Sources */ = {isa = PBXBuildFile; fileRef = 96B85583195696AC00552A01 /* UIColor+Twitter.m */; };
		96B855881956A6EF00552A01 /* User.m in Sources */ = {isa = PBXBuildFile; fileRef = 96B855871956A6EF00552A01 /* User.m */; };
		96B8558C1956C08100552A01 /* TimelineViewController.m in Sources */ = {isa = PBXBuildFile; fileRef = 96B8558A1956C08100552A01 /* TimelineViewController.m */; };
		96B8558D1956C08100552A01 /* TimelineViewController.xib in Resources */ = {isa = PBXBuildFile; fileRef = 96B8558B1956C08100552A01 /* TimelineViewController.xib */; };
		96B855901956D44D00552A01 /* Tweet.m in Sources */ = {isa = PBXBuildFile; fileRef = 96B8558F1956D44D00552A01 /* Tweet.m */; };
		96B855941956EBD800552A01 /* TimelineTableViewCell.m in Sources */ = {isa = PBXBuildFile; fileRef = 96B855921956EBD800552A01 /* TimelineTableViewCell.m */; };
		96B855951956EBD800552A01 /* TimelineTableViewCell.xib in Resources */ = {isa = PBXBuildFile; fileRef = 96B855931956EBD800552A01 /* TimelineTableViewCell.xib */; };
		B6EA23E9D0C44764A293ECFE /* libPods.a in Frameworks */ = {isa = PBXBuildFile; fileRef = 6B3C60C19BF4478CA2E5A4BC /* libPods.a */; };
/* End PBXBuildFile section */

/* Begin PBXContainerItemProxy section */
		96B855611956665E00552A01 /* PBXContainerItemProxy */ = {
			isa = PBXContainerItemProxy;
			containerPortal = 96B855391956665E00552A01 /* Project object */;
			proxyType = 1;
			remoteGlobalIDString = 96B855401956665E00552A01;
			remoteInfo = twitter;
		};
/* End PBXContainerItemProxy section */

/* Begin PBXFileReference section */
		6B3C60C19BF4478CA2E5A4BC /* libPods.a */ = {isa = PBXFileReference; explicitFileType = archive.ar; includeInIndex = 0; path = libPods.a; sourceTree = BUILT_PRODUCTS_DIR; };
		965D7B071957FD6A00CC00EC /* TweetViewController.h */ = {isa = PBXFileReference; fileEncoding = 4; lastKnownFileType = sourcecode.c.h; name = TweetViewController.h; path = ViewControllers/TweetViewController.h; sourceTree = "<group>"; };
		965D7B081957FD6A00CC00EC /* TweetViewController.m */ = {isa = PBXFileReference; fileEncoding = 4; lastKnownFileType = sourcecode.c.objc; name = TweetViewController.m; path = ViewControllers/TweetViewController.m; sourceTree = "<group>"; };
		965D7B091957FD6A00CC00EC /* TweetViewController.xib */ = {isa = PBXFileReference; fileEncoding = 4; lastKnownFileType = file.xib; name = TweetViewController.xib; path = ViewControllers/TweetViewController.xib; sourceTree = "<group>"; };
		965D7B0F1958054300CC00EC /* TweetDetailCell.h */ = {isa = PBXFileReference; fileEncoding = 4; lastKnownFileType = sourcecode.c.h; name = TweetDetailCell.h; path = Views/TweetDetailCell.h; sourceTree = "<group>"; };
		965D7B101958054300CC00EC /* TweetDetailCell.m */ = {isa = PBXFileReference; fileEncoding = 4; lastKnownFileType = sourcecode.c.objc; name = TweetDetailCell.m; path = Views/TweetDetailCell.m; sourceTree = "<group>"; };
		965D7B111958054300CC00EC /* TweetDetailCell.xib */ = {isa = PBXFileReference; fileEncoding = 4; lastKnownFileType = file.xib; name = TweetDetailCell.xib; path = Views/TweetDetailCell.xib; sourceTree = "<group>"; };
		965D7B141958055A00CC00EC /* TweetCountCell.h */ = {isa = PBXFileReference; fileEncoding = 4; lastKnownFileType = sourcecode.c.h; name = TweetCountCell.h; path = Views/TweetCountCell.h; sourceTree = "<group>"; };
		965D7B151958055A00CC00EC /* TweetCountCell.m */ = {isa = PBXFileReference; fileEncoding = 4; lastKnownFileType = sourcecode.c.objc; name = TweetCountCell.m; path = Views/TweetCountCell.m; sourceTree = "<group>"; };
		965D7B161958055A00CC00EC /* TweetCountCell.xib */ = {isa = PBXFileReference; fileEncoding = 4; lastKnownFileType = file.xib; name = TweetCountCell.xib; path = Views/TweetCountCell.xib; sourceTree = "<group>"; };
		965D7B191958056F00CC00EC /* TweetActionCell.h */ = {isa = PBXFileReference; fileEncoding = 4; lastKnownFileType = sourcecode.c.h; name = TweetActionCell.h; path = Views/TweetActionCell.h; sourceTree = "<group>"; };
		965D7B1A1958056F00CC00EC /* TweetActionCell.m */ = {isa = PBXFileReference; fileEncoding = 4; lastKnownFileType = sourcecode.c.objc; name = TweetActionCell.m; path = Views/TweetActionCell.m; sourceTree = "<group>"; };
		965D7B1B1958056F00CC00EC /* TweetActionCell.xib */ = {isa = PBXFileReference; fileEncoding = 4; lastKnownFileType = file.xib; name = TweetActionCell.xib; path = Views/TweetActionCell.xib; sourceTree = "<group>"; };
		96B855411956665E00552A01 /* twitter.app */ = {isa = PBXFileReference; explicitFileType = wrapper.application; includeInIndex = 0; path = twitter.app; sourceTree = BUILT_PRODUCTS_DIR; };
		96B855441956665E00552A01 /* Foundation.framework */ = {isa = PBXFileReference; lastKnownFileType = wrapper.framework; name = Foundation.framework; path = System/Library/Frameworks/Foundation.framework; sourceTree = SDKROOT; };
		96B855461956665E00552A01 /* CoreGraphics.framework */ = {isa = PBXFileReference; lastKnownFileType = wrapper.framework; name = CoreGraphics.framework; path = System/Library/Frameworks/CoreGraphics.framework; sourceTree = SDKROOT; };
		96B855481956665E00552A01 /* UIKit.framework */ = {isa = PBXFileReference; lastKnownFileType = wrapper.framework; name = UIKit.framework; path = System/Library/Frameworks/UIKit.framework; sourceTree = SDKROOT; };
		96B8554C1956665E00552A01 /* twitter-Info.plist */ = {isa = PBXFileReference; lastKnownFileType = text.plist.xml; path = "twitter-Info.plist"; sourceTree = "<group>"; };
		96B8554E1956665E00552A01 /* en */ = {isa = PBXFileReference; lastKnownFileType = text.plist.strings; name = en; path = en.lproj/InfoPlist.strings; sourceTree = "<group>"; };
		96B855501956665E00552A01 /* main.m */ = {isa = PBXFileReference; lastKnownFileType = sourcecode.c.objc; path = main.m; sourceTree = "<group>"; };
		96B855521956665E00552A01 /* twitter-Prefix.pch */ = {isa = PBXFileReference; lastKnownFileType = sourcecode.c.h; path = "twitter-Prefix.pch"; sourceTree = "<group>"; };
		96B855531956665E00552A01 /* AppDelegate.h */ = {isa = PBXFileReference; lastKnownFileType = sourcecode.c.h; path = AppDelegate.h; sourceTree = "<group>"; };
		96B855541956665E00552A01 /* AppDelegate.m */ = {isa = PBXFileReference; lastKnownFileType = sourcecode.c.objc; path = AppDelegate.m; sourceTree = "<group>"; };
		96B855561956665E00552A01 /* Images.xcassets */ = {isa = PBXFileReference; lastKnownFileType = folder.assetcatalog; path = Images.xcassets; sourceTree = "<group>"; };
		96B8555C1956665E00552A01 /* twitterTests.xctest */ = {isa = PBXFileReference; explicitFileType = wrapper.cfbundle; includeInIndex = 0; path = twitterTests.xctest; sourceTree = BUILT_PRODUCTS_DIR; };
		96B8555D1956665E00552A01 /* XCTest.framework */ = {isa = PBXFileReference; lastKnownFileType = wrapper.framework; name = XCTest.framework; path = Library/Frameworks/XCTest.framework; sourceTree = DEVELOPER_DIR; };
		96B855651956665E00552A01 /* twitterTests-Info.plist */ = {isa = PBXFileReference; lastKnownFileType = text.plist.xml; path = "twitterTests-Info.plist"; sourceTree = "<group>"; };
		96B855671956665E00552A01 /* en */ = {isa = PBXFileReference; lastKnownFileType = text.plist.strings; name = en; path = en.lproj/InfoPlist.strings; sourceTree = "<group>"; };
		96B855691956665E00552A01 /* twitterTests.m */ = {isa = PBXFileReference; lastKnownFileType = sourcecode.c.objc; path = twitterTests.m; sourceTree = "<group>"; };
		96B855781956766500552A01 /* TwitterClient.h */ = {isa = PBXFileReference; fileEncoding = 4; lastKnownFileType = sourcecode.c.h; name = TwitterClient.h; path = API/TwitterClient.h; sourceTree = "<group>"; };
		96B855791956766500552A01 /* TwitterClient.m */ = {isa = PBXFileReference; fileEncoding = 4; lastKnownFileType = sourcecode.c.objc; name = TwitterClient.m; path = API/TwitterClient.m; sourceTree = "<group>"; };
		96B8557B1956839A00552A01 /* Security.framework */ = {isa = PBXFileReference; lastKnownFileType = wrapper.framework; name = Security.framework; path = System/Library/Frameworks/Security.framework; sourceTree = SDKROOT; };
		96B8557D195693E600552A01 /* SignInViewController.h */ = {isa = PBXFileReference; fileEncoding = 4; lastKnownFileType = sourcecode.c.h; name = SignInViewController.h; path = ViewControllers/SignInViewController.h; sourceTree = "<group>"; };
		96B8557E195693E600552A01 /* SignInViewController.m */ = {isa = PBXFileReference; fileEncoding = 4; lastKnownFileType = sourcecode.c.objc; name = SignInViewController.m; path = ViewControllers/SignInViewController.m; sourceTree = "<group>"; };
		96B8557F195693E600552A01 /* SignInViewController.xib */ = {isa = PBXFileReference; fileEncoding = 4; lastKnownFileType = file.xib; name = SignInViewController.xib; path = ViewControllers/SignInViewController.xib; sourceTree = "<group>"; };
		96B85582195696AC00552A01 /* UIColor+Twitter.h */ = {isa = PBXFileReference; fileEncoding = 4; lastKnownFileType = sourcecode.c.h; name = "UIColor+Twitter.h"; path = "Utilities/UIColor+Twitter.h"; sourceTree = "<group>"; };
		96B85583195696AC00552A01 /* UIColor+Twitter.m */ = {isa = PBXFileReference; fileEncoding = 4; lastKnownFileType = sourcecode.c.objc; name = "UIColor+Twitter.m"; path = "Utilities/UIColor+Twitter.m"; sourceTree = "<group>"; };
		96B855861956A6EF00552A01 /* User.h */ = {isa = PBXFileReference; fileEncoding = 4; lastKnownFileType = sourcecode.c.h; name = User.h; path = Models/User.h; sourceTree = "<group>"; };
		96B855871956A6EF00552A01 /* User.m */ = {isa = PBXFileReference; fileEncoding = 4; lastKnownFileType = sourcecode.c.objc; name = User.m; path = Models/User.m; sourceTree = "<group>"; };
		96B855891956C08100552A01 /* TimelineViewController.h */ = {isa = PBXFileReference; fileEncoding = 4; lastKnownFileType = sourcecode.c.h; name = TimelineViewController.h; path = ViewControllers/TimelineViewController.h; sourceTree = "<group>"; };
		96B8558A1956C08100552A01 /* TimelineViewController.m */ = {isa = PBXFileReference; fileEncoding = 4; lastKnownFileType = sourcecode.c.objc; name = TimelineViewController.m; path = ViewControllers/TimelineViewController.m; sourceTree = "<group>"; };
		96B8558B1956C08100552A01 /* TimelineViewController.xib */ = {isa = PBXFileReference; fileEncoding = 4; lastKnownFileType = file.xib; name = TimelineViewController.xib; path = ViewControllers/TimelineViewController.xib; sourceTree = "<group>"; };
		96B8558E1956D44D00552A01 /* Tweet.h */ = {isa = PBXFileReference; fileEncoding = 4; lastKnownFileType = sourcecode.c.h; name = Tweet.h; path = Models/Tweet.h; sourceTree = "<group>"; };
		96B8558F1956D44D00552A01 /* Tweet.m */ = {isa = PBXFileReference; fileEncoding = 4; lastKnownFileType = sourcecode.c.objc; name = Tweet.m; path = Models/Tweet.m; sourceTree = "<group>"; };
		96B855911956EBD800552A01 /* TimelineTableViewCell.h */ = {isa = PBXFileReference; fileEncoding = 4; lastKnownFileType = sourcecode.c.h; name = TimelineTableViewCell.h; path = Views/TimelineTableViewCell.h; sourceTree = "<group>"; };
		96B855921956EBD800552A01 /* TimelineTableViewCell.m */ = {isa = PBXFileReference; fileEncoding = 4; lastKnownFileType = sourcecode.c.objc; name = TimelineTableViewCell.m; path = Views/TimelineTableViewCell.m; sourceTree = "<group>"; };
		96B855931956EBD800552A01 /* TimelineTableViewCell.xib */ = {isa = PBXFileReference; fileEncoding = 4; lastKnownFileType = file.xib; name = TimelineTableViewCell.xib; path = Views/TimelineTableViewCell.xib; sourceTree = "<group>"; };
		BA7A92AB56A044D188D37707 /* Pods.xcconfig */ = {isa = PBXFileReference; includeInIndex = 1; lastKnownFileType = text.xcconfig; name = Pods.xcconfig; path = Pods/Pods.xcconfig; sourceTree = "<group>"; };
/* End PBXFileReference section */

/* Begin PBXFrameworksBuildPhase section */
		96B8553E1956665E00552A01 /* Frameworks */ = {
			isa = PBXFrameworksBuildPhase;
			buildActionMask = 2147483647;
			files = (
				96B8557C1956839A00552A01 /* Security.framework in Frameworks */,
				96B855471956665E00552A01 /* CoreGraphics.framework in Frameworks */,
				96B855491956665E00552A01 /* UIKit.framework in Frameworks */,
				96B855451956665E00552A01 /* Foundation.framework in Frameworks */,
				B6EA23E9D0C44764A293ECFE /* libPods.a in Frameworks */,
			);
			runOnlyForDeploymentPostprocessing = 0;
		};
		96B855591956665E00552A01 /* Frameworks */ = {
			isa = PBXFrameworksBuildPhase;
			buildActionMask = 2147483647;
			files = (
				96B8555E1956665E00552A01 /* XCTest.framework in Frameworks */,
				96B855601956665E00552A01 /* UIKit.framework in Frameworks */,
				96B8555F1956665E00552A01 /* Foundation.framework in Frameworks */,
			);
			runOnlyForDeploymentPostprocessing = 0;
		};
/* End PBXFrameworksBuildPhase section */

/* Begin PBXGroup section */
		96B855381956665E00552A01 = {
			isa = PBXGroup;
			children = (
				96B8554A1956665E00552A01 /* twitter */,
				96B855631956665E00552A01 /* twitterTests */,
				96B855431956665E00552A01 /* Frameworks */,
				96B855421956665E00552A01 /* Products */,
				BA7A92AB56A044D188D37707 /* Pods.xcconfig */,
			);
			sourceTree = "<group>";
		};
		96B855421956665E00552A01 /* Products */ = {
			isa = PBXGroup;
			children = (
				96B855411956665E00552A01 /* twitter.app */,
				96B8555C1956665E00552A01 /* twitterTests.xctest */,
			);
			name = Products;
			sourceTree = "<group>";
		};
		96B855431956665E00552A01 /* Frameworks */ = {
			isa = PBXGroup;
			children = (
				96B8557B1956839A00552A01 /* Security.framework */,
				96B855441956665E00552A01 /* Foundation.framework */,
				96B855461956665E00552A01 /* CoreGraphics.framework */,
				96B855481956665E00552A01 /* UIKit.framework */,
				96B8555D1956665E00552A01 /* XCTest.framework */,
				6B3C60C19BF4478CA2E5A4BC /* libPods.a */,
			);
			name = Frameworks;
			sourceTree = "<group>";
		};
		96B8554A1956665E00552A01 /* twitter */ = {
			isa = PBXGroup;
			children = (
				96B8557719566EEC00552A01 /* Utilities */,
				96B8557319566EAE00552A01 /* API */,
				96B8557419566EB500552A01 /* Models */,
				96B8557519566ECC00552A01 /* Views */,
				96B8557619566ED700552A01 /* ViewControllers */,
				96B855531956665E00552A01 /* AppDelegate.h */,
				96B855541956665E00552A01 /* AppDelegate.m */,
				96B855561956665E00552A01 /* Images.xcassets */,
				96B8554B1956665E00552A01 /* Supporting Files */,
			);
			path = twitter;
			sourceTree = "<group>";
		};
		96B8554B1956665E00552A01 /* Supporting Files */ = {
			isa = PBXGroup;
			children = (
				96B8554C1956665E00552A01 /* twitter-Info.plist */,
				96B8554D1956665E00552A01 /* InfoPlist.strings */,
				96B855501956665E00552A01 /* main.m */,
				96B855521956665E00552A01 /* twitter-Prefix.pch */,
			);
			name = "Supporting Files";
			sourceTree = "<group>";
		};
		96B855631956665E00552A01 /* twitterTests */ = {
			isa = PBXGroup;
			children = (
				96B855691956665E00552A01 /* twitterTests.m */,
				96B855641956665E00552A01 /* Supporting Files */,
			);
			path = twitterTests;
			sourceTree = "<group>";
		};
		96B855641956665E00552A01 /* Supporting Files */ = {
			isa = PBXGroup;
			children = (
				96B855651956665E00552A01 /* twitterTests-Info.plist */,
				96B855661956665E00552A01 /* InfoPlist.strings */,
			);
			name = "Supporting Files";
			sourceTree = "<group>";
		};
		96B8557319566EAE00552A01 /* API */ = {
			isa = PBXGroup;
			children = (
				96B855781956766500552A01 /* TwitterClient.h */,
				96B855791956766500552A01 /* TwitterClient.m */,
			);
			name = API;
			sourceTree = "<group>";
		};
		96B8557419566EB500552A01 /* Models */ = {
			isa = PBXGroup;
			children = (
				96B855861956A6EF00552A01 /* User.h */,
				96B855871956A6EF00552A01 /* User.m */,
				96B8558E1956D44D00552A01 /* Tweet.h */,
				96B8558F1956D44D00552A01 /* Tweet.m */,
			);
			name = Models;
			sourceTree = "<group>";
		};
		96B8557519566ECC00552A01 /* Views */ = {
			isa = PBXGroup;
			children = (
				96B855911956EBD800552A01 /* TimelineTableViewCell.h */,
				96B855921956EBD800552A01 /* TimelineTableViewCell.m */,
				96B855931956EBD800552A01 /* TimelineTableViewCell.xib */,
				965D7B0F1958054300CC00EC /* TweetDetailCell.h */,
				965D7B101958054300CC00EC /* TweetDetailCell.m */,
				965D7B111958054300CC00EC /* TweetDetailCell.xib */,
				965D7B141958055A00CC00EC /* TweetCountCell.h */,
				965D7B151958055A00CC00EC /* TweetCountCell.m */,
				965D7B161958055A00CC00EC /* TweetCountCell.xib */,
				965D7B191958056F00CC00EC /* TweetActionCell.h */,
				965D7B1A1958056F00CC00EC /* TweetActionCell.m */,
				965D7B1B1958056F00CC00EC /* TweetActionCell.xib */,
			);
			name = Views;
			sourceTree = "<group>";
		};
		96B8557619566ED700552A01 /* ViewControllers */ = {
			isa = PBXGroup;
			children = (
				96B8557D195693E600552A01 /* SignInViewController.h */,
				96B8557E195693E600552A01 /* SignInViewController.m */,
				96B8557F195693E600552A01 /* SignInViewController.xib */,
				96B855891956C08100552A01 /* TimelineViewController.h */,
				96B8558A1956C08100552A01 /* TimelineViewController.m */,
				96B8558B1956C08100552A01 /* TimelineViewController.xib */,
				965D7B071957FD6A00CC00EC /* TweetViewController.h */,
				965D7B081957FD6A00CC00EC /* TweetViewController.m */,
				965D7B091957FD6A00CC00EC /* TweetViewController.xib */,
			);
			name = ViewControllers;
			sourceTree = "<group>";
		};
		96B8557719566EEC00552A01 /* Utilities */ = {
			isa = PBXGroup;
			children = (
				96B85582195696AC00552A01 /* UIColor+Twitter.h */,
				96B85583195696AC00552A01 /* UIColor+Twitter.m */,
			);
			name = Utilities;
			sourceTree = "<group>";
		};
/* End PBXGroup section */

/* Begin PBXNativeTarget section */
		96B855401956665E00552A01 /* twitter */ = {
			isa = PBXNativeTarget;
			buildConfigurationList = 96B8556D1956665E00552A01 /* Build configuration list for PBXNativeTarget "twitter" */;
			buildPhases = (
				2D4A4A3C87EE440BA239AAA8 /* Check Pods Manifest.lock */,
				96B8553D1956665E00552A01 /* Sources */,
				96B8553E1956665E00552A01 /* Frameworks */,
				96B8553F1956665E00552A01 /* Resources */,
				4550699FF6C34D08B42549FE /* Copy Pods Resources */,
			);
			buildRules = (
			);
			dependencies = (
			);
			name = twitter;
			productName = twitter;
			productReference = 96B855411956665E00552A01 /* twitter.app */;
			productType = "com.apple.product-type.application";
		};
		96B8555B1956665E00552A01 /* twitterTests */ = {
			isa = PBXNativeTarget;
			buildConfigurationList = 96B855701956665E00552A01 /* Build configuration list for PBXNativeTarget "twitterTests" */;
			buildPhases = (
				96B855581956665E00552A01 /* Sources */,
				96B855591956665E00552A01 /* Frameworks */,
				96B8555A1956665E00552A01 /* Resources */,
			);
			buildRules = (
			);
			dependencies = (
				96B855621956665E00552A01 /* PBXTargetDependency */,
			);
			name = twitterTests;
			productName = twitterTests;
			productReference = 96B8555C1956665E00552A01 /* twitterTests.xctest */;
			productType = "com.apple.product-type.bundle.unit-test";
		};
/* End PBXNativeTarget section */

/* Begin PBXProject section */
		96B855391956665E00552A01 /* Project object */ = {
			isa = PBXProject;
			attributes = {
				CLASSPREFIX = TT;
				LastUpgradeCheck = 0510;
				ORGANIZATIONNAME = "Veronica Zheng";
				TargetAttributes = {
					96B8555B1956665E00552A01 = {
						TestTargetID = 96B855401956665E00552A01;
					};
				};
			};
			buildConfigurationList = 96B8553C1956665E00552A01 /* Build configuration list for PBXProject "twitter" */;
			compatibilityVersion = "Xcode 3.2";
			developmentRegion = English;
			hasScannedForEncodings = 0;
			knownRegions = (
				en,
			);
			mainGroup = 96B855381956665E00552A01;
			productRefGroup = 96B855421956665E00552A01 /* Products */;
			projectDirPath = "";
			projectRoot = "";
			targets = (
				96B855401956665E00552A01 /* twitter */,
				96B8555B1956665E00552A01 /* twitterTests */,
			);
		};
/* End PBXProject section */

/* Begin PBXResourcesBuildPhase section */
		96B8553F1956665E00552A01 /* Resources */ = {
			isa = PBXResourcesBuildPhase;
			buildActionMask = 2147483647;
			files = (
				96B855951956EBD800552A01 /* TimelineTableViewCell.xib in Resources */,
				965D7B0B1957FD6A00CC00EC /* TweetViewController.xib in Resources */,
				965D7B131958054300CC00EC /* TweetDetailCell.xib in Resources */,
				96B8554F1956665E00552A01 /* InfoPlist.strings in Resources */,
				96B85581195693E600552A01 /* SignInViewController.xib in Resources */,
				965D7B1D1958056F00CC00EC /* TweetActionCell.xib in Resources */,
				965D7B181958055A00CC00EC /* TweetCountCell.xib in Resources */,
				96B855571956665E00552A01 /* Images.xcassets in Resources */,
				96B8558D1956C08100552A01 /* TimelineViewController.xib in Resources */,
			);
			runOnlyForDeploymentPostprocessing = 0;
		};
		96B8555A1956665E00552A01 /* Resources */ = {
			isa = PBXResourcesBuildPhase;
			buildActionMask = 2147483647;
			files = (
				96B855681956665E00552A01 /* InfoPlist.strings in Resources */,
			);
			runOnlyForDeploymentPostprocessing = 0;
		};
/* End PBXResourcesBuildPhase section */

/* Begin PBXShellScriptBuildPhase section */
		2D4A4A3C87EE440BA239AAA8 /* Check Pods Manifest.lock */ = {
			isa = PBXShellScriptBuildPhase;
			buildActionMask = 2147483647;
			files = (
			);
			inputPaths = (
			);
			name = "Check Pods Manifest.lock";
			outputPaths = (
			);
			runOnlyForDeploymentPostprocessing = 0;
			shellPath = /bin/sh;
			shellScript = "diff \"${PODS_ROOT}/../Podfile.lock\" \"${PODS_ROOT}/Manifest.lock\" > /dev/null\nif [[ $? != 0 ]] ; then\n    cat << EOM\nerror: The sandbox is not in sync with the Podfile.lock. Run 'pod install' or update your CocoaPods installation.\nEOM\n    exit 1\nfi\n";
			showEnvVarsInLog = 0;
		};
		4550699FF6C34D08B42549FE /* Copy Pods Resources */ = {
			isa = PBXShellScriptBuildPhase;
			buildActionMask = 2147483647;
			files = (
			);
			inputPaths = (
			);
			name = "Copy Pods Resources";
			outputPaths = (
			);
			runOnlyForDeploymentPostprocessing = 0;
			shellPath = /bin/sh;
			shellScript = "\"${SRCROOT}/Pods/Pods-resources.sh\"\n";
			showEnvVarsInLog = 0;
		};
/* End PBXShellScriptBuildPhase section */

/* Begin PBXSourcesBuildPhase section */
		96B8553D1956665E00552A01 /* Sources */ = {
			isa = PBXSourcesBuildPhase;
			buildActionMask = 2147483647;
			files = (
				96B855551956665E00552A01 /* AppDelegate.m in Sources */,
				965D7B171958055A00CC00EC /* TweetCountCell.m in Sources */,
				96B85584195696AC00552A01 /* UIColor+Twitter.m in Sources */,
				96B8557A1956766500552A01 /* TwitterClient.m in Sources */,
				96B8558C1956C08100552A01 /* TimelineViewController.m in Sources */,
				965D7B1C1958056F00CC00EC /* TweetActionCell.m in Sources */,
				965D7B121958054300CC00EC /* TweetDetailCell.m in Sources */,
				96B85580195693E600552A01 /* SignInViewController.m in Sources */,
				96B855901956D44D00552A01 /* Tweet.m in Sources */,
				96B855941956EBD800552A01 /* TimelineTableViewCell.m in Sources */,
				96B855881956A6EF00552A01 /* User.m in Sources */,
				96B855511956665E00552A01 /* main.m in Sources */,
				965D7B0A1957FD6A00CC00EC /* TweetViewController.m in Sources */,
			);
			runOnlyForDeploymentPostprocessing = 0;
		};
		96B855581956665E00552A01 /* Sources */ = {
			isa = PBXSourcesBuildPhase;
			buildActionMask = 2147483647;
			files = (
				96B8556A1956665E00552A01 /* twitterTests.m in Sources */,
			);
			runOnlyForDeploymentPostprocessing = 0;
		};
/* End PBXSourcesBuildPhase section */

/* Begin PBXTargetDependency section */
		96B855621956665E00552A01 /* PBXTargetDependency */ = {
			isa = PBXTargetDependency;
			target = 96B855401956665E00552A01 /* twitter */;
			targetProxy = 96B855611956665E00552A01 /* PBXContainerItemProxy */;
		};
/* End PBXTargetDependency section */

/* Begin PBXVariantGroup section */
		96B8554D1956665E00552A01 /* InfoPlist.strings */ = {
			isa = PBXVariantGroup;
			children = (
				96B8554E1956665E00552A01 /* en */,
			);
			name = InfoPlist.strings;
			sourceTree = "<group>";
		};
		96B855661956665E00552A01 /* InfoPlist.strings */ = {
			isa = PBXVariantGroup;
			children = (
				96B855671956665E00552A01 /* en */,
			);
			name = InfoPlist.strings;
			sourceTree = "<group>";
		};
/* End PBXVariantGroup section */

/* Begin XCBuildConfiguration section */
		96B8556B1956665E00552A01 /* Debug */ = {
			isa = XCBuildConfiguration;
			buildSettings = {
				ALWAYS_SEARCH_USER_PATHS = NO;
				CLANG_CXX_LANGUAGE_STANDARD = "gnu++0x";
				CLANG_CXX_LIBRARY = "libc++";
				CLANG_ENABLE_MODULES = YES;
				CLANG_ENABLE_OBJC_ARC = YES;
				CLANG_WARN_BOOL_CONVERSION = YES;
				CLANG_WARN_CONSTANT_CONVERSION = YES;
				CLANG_WARN_DIRECT_OBJC_ISA_USAGE = YES_ERROR;
				CLANG_WARN_EMPTY_BODY = YES;
				CLANG_WARN_ENUM_CONVERSION = YES;
				CLANG_WARN_INT_CONVERSION = YES;
				CLANG_WARN_OBJC_ROOT_CLASS = YES_ERROR;
				CLANG_WARN__DUPLICATE_METHOD_MATCH = YES;
				"CODE_SIGN_IDENTITY[sdk=iphoneos*]" = "iPhone Developer";
				COPY_PHASE_STRIP = NO;
				GCC_C_LANGUAGE_STANDARD = gnu99;
				GCC_DYNAMIC_NO_PIC = NO;
				GCC_OPTIMIZATION_LEVEL = 0;
				GCC_PREPROCESSOR_DEFINITIONS = (
					"DEBUG=1",
					"$(inherited)",
				);
				GCC_SYMBOLS_PRIVATE_EXTERN = NO;
				GCC_WARN_64_TO_32_BIT_CONVERSION = YES;
				GCC_WARN_ABOUT_RETURN_TYPE = YES_ERROR;
				GCC_WARN_UNDECLARED_SELECTOR = YES;
				GCC_WARN_UNINITIALIZED_AUTOS = YES_AGGRESSIVE;
				GCC_WARN_UNUSED_FUNCTION = YES;
				GCC_WARN_UNUSED_VARIABLE = YES;
				IPHONEOS_DEPLOYMENT_TARGET = 7.1;
				ONLY_ACTIVE_ARCH = YES;
				SDKROOT = iphoneos;
			};
			name = Debug;
		};
		96B8556C1956665E00552A01 /* Release */ = {
			isa = XCBuildConfiguration;
			buildSettings = {
				ALWAYS_SEARCH_USER_PATHS = NO;
				CLANG_CXX_LANGUAGE_STANDARD = "gnu++0x";
				CLANG_CXX_LIBRARY = "libc++";
				CLANG_ENABLE_MODULES = YES;
				CLANG_ENABLE_OBJC_ARC = YES;
				CLANG_WARN_BOOL_CONVERSION = YES;
				CLANG_WARN_CONSTANT_CONVERSION = YES;
				CLANG_WARN_DIRECT_OBJC_ISA_USAGE = YES_ERROR;
				CLANG_WARN_EMPTY_BODY = YES;
				CLANG_WARN_ENUM_CONVERSION = YES;
				CLANG_WARN_INT_CONVERSION = YES;
				CLANG_WARN_OBJC_ROOT_CLASS = YES_ERROR;
				CLANG_WARN__DUPLICATE_METHOD_MATCH = YES;
				"CODE_SIGN_IDENTITY[sdk=iphoneos*]" = "iPhone Developer";
				COPY_PHASE_STRIP = YES;
				ENABLE_NS_ASSERTIONS = NO;
				GCC_C_LANGUAGE_STANDARD = gnu99;
				GCC_WARN_64_TO_32_BIT_CONVERSION = YES;
				GCC_WARN_ABOUT_RETURN_TYPE = YES_ERROR;
				GCC_WARN_UNDECLARED_SELECTOR = YES;
				GCC_WARN_UNINITIALIZED_AUTOS = YES_AGGRESSIVE;
				GCC_WARN_UNUSED_FUNCTION = YES;
				GCC_WARN_UNUSED_VARIABLE = YES;
				IPHONEOS_DEPLOYMENT_TARGET = 7.1;
				SDKROOT = iphoneos;
				VALIDATE_PRODUCT = YES;
			};
			name = Release;
		};
		96B8556E1956665E00552A01 /* Debug */ = {
			isa = XCBuildConfiguration;
			baseConfigurationReference = BA7A92AB56A044D188D37707 /* Pods.xcconfig */;
			buildSettings = {
				ASSETCATALOG_COMPILER_APPICON_NAME = AppIcon;
				ASSETCATALOG_COMPILER_LAUNCHIMAGE_NAME = LaunchImage;
				GCC_PRECOMPILE_PREFIX_HEADER = YES;
				GCC_PREFIX_HEADER = "twitter/twitter-Prefix.pch";
				INFOPLIST_FILE = "twitter/twitter-Info.plist";
				IPHONEOS_DEPLOYMENT_TARGET = 7.1;
				PRODUCT_NAME = "$(TARGET_NAME)";
				WRAPPER_EXTENSION = app;
			};
			name = Debug;
		};
		96B8556F1956665E00552A01 /* Release */ = {
			isa = XCBuildConfiguration;
			baseConfigurationReference = BA7A92AB56A044D188D37707 /* Pods.xcconfig */;
			buildSettings = {
				ASSETCATALOG_COMPILER_APPICON_NAME = AppIcon;
				ASSETCATALOG_COMPILER_LAUNCHIMAGE_NAME = LaunchImage;
				GCC_PRECOMPILE_PREFIX_HEADER = YES;
				GCC_PREFIX_HEADER = "twitter/twitter-Prefix.pch";
				INFOPLIST_FILE = "twitter/twitter-Info.plist";
				IPHONEOS_DEPLOYMENT_TARGET = 7.1;
				PRODUCT_NAME = "$(TARGET_NAME)";
				WRAPPER_EXTENSION = app;
			};
			name = Release;
		};
		96B855711956665E00552A01 /* Debug */ = {
			isa = XCBuildConfiguration;
			buildSettings = {
				BUNDLE_LOADER = "$(BUILT_PRODUCTS_DIR)/twitter.app/twitter";
				FRAMEWORK_SEARCH_PATHS = (
					"$(SDKROOT)/Developer/Library/Frameworks",
					"$(inherited)",
					"$(DEVELOPER_FRAMEWORKS_DIR)",
				);
				GCC_PRECOMPILE_PREFIX_HEADER = YES;
				GCC_PREFIX_HEADER = "twitter/twitter-Prefix.pch";
				GCC_PREPROCESSOR_DEFINITIONS = (
					"DEBUG=1",
					"$(inherited)",
				);
				INFOPLIST_FILE = "twitterTests/twitterTests-Info.plist";
				PRODUCT_NAME = "$(TARGET_NAME)";
				TEST_HOST = "$(BUNDLE_LOADER)";
				WRAPPER_EXTENSION = xctest;
			};
			name = Debug;
		};
		96B855721956665E00552A01 /* Release */ = {
			isa = XCBuildConfiguration;
			buildSettings = {
				BUNDLE_LOADER = "$(BUILT_PRODUCTS_DIR)/twitter.app/twitter";
				FRAMEWORK_SEARCH_PATHS = (
					"$(SDKROOT)/Developer/Library/Frameworks",
					"$(inherited)",
					"$(DEVELOPER_FRAMEWORKS_DIR)",
				);
				GCC_PRECOMPILE_PREFIX_HEADER = YES;
				GCC_PREFIX_HEADER = "twitter/twitter-Prefix.pch";
				INFOPLIST_FILE = "twitterTests/twitterTests-Info.plist";
				PRODUCT_NAME = "$(TARGET_NAME)";
				TEST_HOST = "$(BUNDLE_LOADER)";
				WRAPPER_EXTENSION = xctest;
			};
			name = Release;
		};
/* End XCBuildConfiguration section */

/* Begin XCConfigurationList section */
		96B8553C1956665E00552A01 /* Build configuration list for PBXProject "twitter" */ = {
			isa = XCConfigurationList;
			buildConfigurations = (
				96B8556B1956665E00552A01 /* Debug */,
				96B8556C1956665E00552A01 /* Release */,
			);
			defaultConfigurationIsVisible = 0;
			defaultConfigurationName = Release;
		};
		96B8556D1956665E00552A01 /* Build configuration list for PBXNativeTarget "twitter" */ = {
			isa = XCConfigurationList;
			buildConfigurations = (
				96B8556E1956665E00552A01 /* Debug */,
				96B8556F1956665E00552A01 /* Release */,
			);
			defaultConfigurationIsVisible = 0;
			defaultConfigurationName = Release;
		};
		96B855701956665E00552A01 /* Build configuration list for PBXNativeTarget "twitterTests" */ = {
			isa = XCConfigurationList;
			buildConfigurations = (
				96B855711956665E00552A01 /* Debug */,
				96B855721956665E00552A01 /* Release */,
			);
			defaultConfigurationIsVisible = 0;
			defaultConfigurationName = Release;
		};
/* End XCConfigurationList section */
	};
	rootObject = 96B855391956665E00552A01 /* Project object */;
}
